// !$*UTF8*$!
{
	archiveVersion = 1;
	classes = {
	};
	objectVersion = 46;
	objects = {

/* Begin PBXBuildFile section */
		092A4A43A1992E06502403E8 /* include_juce_core.mm */ = {isa = PBXBuildFile; fileRef = 12A03FF9DBB5861214462E3E; };
		09AFFA3F46CFDDA84C302ACC /* include_juce_gui_basics.mm */ = {isa = PBXBuildFile; fileRef = 8F4EFDB78E9219FE09F546C4; };
		0C97539590D4B666A002920D /* DiscRecording.framework */ = {isa = PBXBuildFile; fileRef = 84AE14F205CEF2C666A28BF7; };
		0CEDB578E5A2487B6083D495 /* Main.cpp */ = {isa = PBXBuildFile; fileRef = D487B4196DE4BE40DC748AAA; };
		0DE05EA308EDE0B53DED7A7D /* QuartzCore.framework */ = {isa = PBXBuildFile; fileRef = B3DDAAF78A28D14236E8BF9B; };
		0E3D6BC362BA5BA8C5EE7ACE /* include_juce_graphics_Harfbuzz.cpp */ = {isa = PBXBuildFile; fileRef = EFBEB67DAF4CB3FD121F5F04; };
		180AC0E3D0FD7DA550FE4343 /* IOKit.framework */ = {isa = PBXBuildFile; fileRef = 5C151ED33EA96DEAAD75355E; };
		203095CFFB018AE4DE897104 /* include_juce_graphics_Sheenbidi.c */ = {isa = PBXBuildFile; fileRef = 6F9729974E20B949ADB09792; };
		2AC272964D06A409CFADBE1F /* Accelerate.framework */ = {isa = PBXBuildFile; fileRef = 3EF2D32C8759265A576A5B38; };
		2C7D3E766D09C1348ACA9CEA /* Security.framework */ = {isa = PBXBuildFile; fileRef = 68CD8F3F2D51D404B61B9B40; };
		36E065B788915ABA4B3EA43D /* include_juce_audio_processors.mm */ = {isa = PBXBuildFile; fileRef = 5333007A1A391DA31733681C; };
		3C294992C1E53577AA2574ED /* WebKit.framework */ = {isa = PBXBuildFile; fileRef = FE4C9C224D839450C2070A56; };
		3E7F97BA764D717AF1D6025C /* include_juce_audio_processors_ara.cpp */ = {isa = PBXBuildFile; fileRef = 1DB0D35595C7383F91A788CB; };
		4338F3E7BCBB555AD329B43B /* include_juce_gui_extra.mm */ = {isa = PBXBuildFile; fileRef = 3F500905FCC9744E9C713B61; };
		4D29CD111CA2C2E0723B6FCE /* Cocoa.framework */ = {isa = PBXBuildFile; fileRef = 4C70722FE31D0012F152A6CB; };
		5B4E4A4387D1819612A3F3A5 /* include_juce_audio_devices.mm */ = {isa = PBXBuildFile; fileRef = 83B9541972037A5C9EEA6A06; };
		5CF1888FECE70E36ACA6EB83 /* include_juce_core_CompilationTime.cpp */ = {isa = PBXBuildFile; fileRef = 13EDC992C1A1CF6F97D02E6D; };
		6C9C13F4BEFDB51B07973200 /* CoreMIDI.framework */ = {isa = PBXBuildFile; fileRef = 073406701ED83DC01473D721; };
		76AB693C1EB28CDC93C00FF2 /* MetalKit.framework */ = {isa = PBXBuildFile; fileRef = 69EBD92056A06938A09C715D; settings = { ATTRIBUTES = (Weak, ); }; };
		7FC0EBE85AE6B0EDED26AA4B /* include_juce_audio_basics.mm */ = {isa = PBXBuildFile; fileRef = 2DBDC64E9A77B8CFA61F2683; };
		84A309ADFA8456F37F5BF212 /* include_juce_graphics.mm */ = {isa = PBXBuildFile; fileRef = FA7CD04319B07D16EF54B35B; };
		8BE2495CB4D3D8AB31FBFDB9 /* RecentFilesMenuTemplate.nib */ = {isa = PBXBuildFile; fileRef = 796B31A94C58F72AD5EBAC30; };
		8E84AE261C3C98F43F981411 /* Metal.framework */ = {isa = PBXBuildFile; fileRef = 6D3FE1648250B68C4C767DA8; settings = { ATTRIBUTES = (Weak, ); }; };
		9681DEAD30427BDED120BBEF /* MainComponent.cpp */ = {isa = PBXBuildFile; fileRef = 71009BA3ECCE6D9380EBBFED; };
		9D1EAB1E8923686670C7FCC3 /* include_juce_data_structures.mm */ = {isa = PBXBuildFile; fileRef = 921524113EF9FE1236262DA9; };
		B53358B44F49FB55C9E14555 /* Foundation.framework */ = {isa = PBXBuildFile; fileRef = F0155A6A5AD5788A3FDCDB89; };
		B96799B14519DC71CB1A58F6 /* include_juce_events.mm */ = {isa = PBXBuildFile; fileRef = 6094218ADEA7CC29E80F2268; };
		C03CAC6F30C133BA34E5C00E /* include_juce_audio_formats.mm */ = {isa = PBXBuildFile; fileRef = 8C3AE8C68A87BC98D30E978C; };
		C5C62CADD6C2B4FB792B6A48 /* CoreAudioKit.framework */ = {isa = PBXBuildFile; fileRef = 1E15BF71CB46819388293354; };
		CC9AB6A5F0E59D61EF16A9A9 /* CoreAudio.framework */ = {isa = PBXBuildFile; fileRef = A4BF121C04AC05FBB090667C; };
		D29D5673BD18907AFA4BD6CE /* include_juce_audio_utils.mm */ = {isa = PBXBuildFile; fileRef = 7BB5D373E5B549E48C902FB9; };
		D2A6A8724660464BEA0F219C /* include_juce_audio_processors_lv2_libs.cpp */ = {isa = PBXBuildFile; fileRef = 445252945E77C44680763A03; };
		EAD51BF43552F4049B2D6B2A /* AudioToolbox.framework */ = {isa = PBXBuildFile; fileRef = B63A3DE842721239EF4C6A35; };
		F1615A715D1CA94929411CB1 /* App */ = {isa = PBXBuildFile; fileRef = 7847D8795E2D055C37F7276F; };
/* End PBXBuildFile section */

/* Begin PBXFileReference section */
		073406701ED83DC01473D721 /* CoreMIDI.framework */ /* CoreMIDI.framework */ = {isa = PBXFileReference; lastKnownFileType = wrapper.framework; name = CoreMIDI.framework; path = System/Library/Frameworks/CoreMIDI.framework; sourceTree = SDKROOT; };
		0C83726BBB87929369807EA7 /* juce_audio_basics */ /* juce_audio_basics */ = {isa = PBXFileReference; lastKnownFileType = folder; name = juce_audio_basics; path = "~/JUCE/modules/juce_audio_basics"; sourceTree = "<absolute>"; };
		12A03FF9DBB5861214462E3E /* include_juce_core.mm */ /* include_juce_core.mm */ = {isa = PBXFileReference; lastKnownFileType = sourcecode.cpp.objcpp; name = include_juce_core.mm; path = ../../JuceLibraryCode/include_juce_core.mm; sourceTree = SOURCE_ROOT; };
		13EDC992C1A1CF6F97D02E6D /* include_juce_core_CompilationTime.cpp */ /* include_juce_core_CompilationTime.cpp */ = {isa = PBXFileReference; lastKnownFileType = sourcecode.cpp.cpp; name = include_juce_core_CompilationTime.cpp; path = ../../JuceLibraryCode/include_juce_core_CompilationTime.cpp; sourceTree = SOURCE_ROOT; };
		1DB0D35595C7383F91A788CB /* include_juce_audio_processors_ara.cpp */ /* include_juce_audio_processors_ara.cpp */ = {isa = PBXFileReference; lastKnownFileType = sourcecode.cpp.cpp; name = include_juce_audio_processors_ara.cpp; path = ../../JuceLibraryCode/include_juce_audio_processors_ara.cpp; sourceTree = SOURCE_ROOT; };
		1E15BF71CB46819388293354 /* CoreAudioKit.framework */ /* CoreAudioKit.framework */ = {isa = PBXFileReference; lastKnownFileType = wrapper.framework; name = CoreAudioKit.framework; path = System/Library/Frameworks/CoreAudioKit.framework; sourceTree = SDKROOT; };
		2DBDC64E9A77B8CFA61F2683 /* include_juce_audio_basics.mm */ /* include_juce_audio_basics.mm */ = {isa = PBXFileReference; lastKnownFileType = sourcecode.cpp.objcpp; name = include_juce_audio_basics.mm; path = ../../JuceLibraryCode/include_juce_audio_basics.mm; sourceTree = SOURCE_ROOT; };
		2E886F837E8E814A9BE5C4E7 /* juce_core */ /* juce_core */ = {isa = PBXFileReference; lastKnownFileType = folder; name = juce_core; path = "~/JUCE/modules/juce_core"; sourceTree = "<absolute>"; };
		377FA18B79A71E6680C7C1FB /* juce_audio_utils */ /* juce_audio_utils */ = {isa = PBXFileReference; lastKnownFileType = folder; name = juce_audio_utils; path = "~/JUCE/modules/juce_audio_utils"; sourceTree = "<absolute>"; };
		3EF2D32C8759265A576A5B38 /* Accelerate.framework */ /* Accelerate.framework */ = {isa = PBXFileReference; lastKnownFileType = wrapper.framework; name = Accelerate.framework; path = System/Library/Frameworks/Accelerate.framework; sourceTree = SDKROOT; };
		3F500905FCC9744E9C713B61 /* include_juce_gui_extra.mm */ /* include_juce_gui_extra.mm */ = {isa = PBXFileReference; lastKnownFileType = sourcecode.cpp.objcpp; name = include_juce_gui_extra.mm; path = ../../JuceLibraryCode/include_juce_gui_extra.mm; sourceTree = SOURCE_ROOT; };
		4032602132B846CA91D43213 /* MainComponent.h */ /* MainComponent.h */ = {isa = PBXFileReference; lastKnownFileType = sourcecode.c.h; name = MainComponent.h; path = ../../Source/MainComponent.h; sourceTree = SOURCE_ROOT; };
		445252945E77C44680763A03 /* include_juce_audio_processors_lv2_libs.cpp */ /* include_juce_audio_processors_lv2_libs.cpp */ = {isa = PBXFileReference; lastKnownFileType = sourcecode.cpp.cpp; name = include_juce_audio_processors_lv2_libs.cpp; path = ../../JuceLibraryCode/include_juce_audio_processors_lv2_libs.cpp; sourceTree = SOURCE_ROOT; };
		4867CE57719FA369E190507C /* juce_data_structures */ /* juce_data_structures */ = {isa = PBXFileReference; lastKnownFileType = folder; name = juce_data_structures; path = "~/JUCE/modules/juce_data_structures"; sourceTree = "<absolute>"; };
		4C70722FE31D0012F152A6CB /* Cocoa.framework */ /* Cocoa.framework */ = {isa = PBXFileReference; lastKnownFileType = wrapper.framework; name = Cocoa.framework; path = System/Library/Frameworks/Cocoa.framework; sourceTree = SDKROOT; };
		5333007A1A391DA31733681C /* include_juce_audio_processors.mm */ /* include_juce_audio_processors.mm */ = {isa = PBXFileReference; lastKnownFileType = sourcecode.cpp.objcpp; name = include_juce_audio_processors.mm; path = ../../JuceLibraryCode/include_juce_audio_processors.mm; sourceTree = SOURCE_ROOT; };
		5C151ED33EA96DEAAD75355E /* IOKit.framework */ /* IOKit.framework */ = {isa = PBXFileReference; lastKnownFileType = wrapper.framework; name = IOKit.framework; path = System/Library/Frameworks/IOKit.framework; sourceTree = SDKROOT; };
		5FB14B12A65C934EBD424CD1 /* juce_audio_formats */ /* juce_audio_formats */ = {isa = PBXFileReference; lastKnownFileType = folder; name = juce_audio_formats; path = "~/JUCE/modules/juce_audio_formats"; sourceTree = "<absolute>"; };
		6094218ADEA7CC29E80F2268 /* include_juce_events.mm */ /* include_juce_events.mm */ = {isa = PBXFileReference; lastKnownFileType = sourcecode.cpp.objcpp; name = include_juce_events.mm; path = ../../JuceLibraryCode/include_juce_events.mm; sourceTree = SOURCE_ROOT; };
		68CD8F3F2D51D404B61B9B40 /* Security.framework */ /* Security.framework */ = {isa = PBXFileReference; lastKnownFileType = wrapper.framework; name = Security.framework; path = System/Library/Frameworks/Security.framework; sourceTree = SDKROOT; };
		69EBD92056A06938A09C715D /* MetalKit.framework */ /* MetalKit.framework */ = {isa = PBXFileReference; lastKnownFileType = wrapper.framework; name = MetalKit.framework; path = System/Library/Frameworks/MetalKit.framework; sourceTree = SDKROOT; };
		6D3FE1648250B68C4C767DA8 /* Metal.framework */ /* Metal.framework */ = {isa = PBXFileReference; lastKnownFileType = wrapper.framework; name = Metal.framework; path = System/Library/Frameworks/Metal.framework; sourceTree = SDKROOT; };
		6F9729974E20B949ADB09792 /* include_juce_graphics_Sheenbidi.c */ /* include_juce_graphics_Sheenbidi.c */ = {isa = PBXFileReference; lastKnownFileType = sourcecode.c.c; name = include_juce_graphics_Sheenbidi.c; path = ../../JuceLibraryCode/include_juce_graphics_Sheenbidi.c; sourceTree = SOURCE_ROOT; };
		71009BA3ECCE6D9380EBBFED /* MainComponent.cpp */ /* MainComponent.cpp */ = {isa = PBXFileReference; lastKnownFileType = sourcecode.cpp.cpp; name = MainComponent.cpp; path = ../../Source/MainComponent.cpp; sourceTree = SOURCE_ROOT; };
		7847D8795E2D055C37F7276F /* App */ = {isa = PBXFileReference; explicitFileType = wrapper.application; includeInIndex = 0; path = AudioLevelMonitor.app; sourceTree = BUILT_PRODUCTS_DIR; };
		796B31A94C58F72AD5EBAC30 /* RecentFilesMenuTemplate.nib */ /* RecentFilesMenuTemplate.nib */ = {isa = PBXFileReference; lastKnownFileType = file.nib; name = RecentFilesMenuTemplate.nib; path = RecentFilesMenuTemplate.nib; sourceTree = SOURCE_ROOT; };
		7BB5D373E5B549E48C902FB9 /* include_juce_audio_utils.mm */ /* include_juce_audio_utils.mm */ = {isa = PBXFileReference; lastKnownFileType = sourcecode.cpp.objcpp; name = include_juce_audio_utils.mm; path = ../../JuceLibraryCode/include_juce_audio_utils.mm; sourceTree = SOURCE_ROOT; };
		83B9541972037A5C9EEA6A06 /* include_juce_audio_devices.mm */ /* include_juce_audio_devices.mm */ = {isa = PBXFileReference; lastKnownFileType = sourcecode.cpp.objcpp; name = include_juce_audio_devices.mm; path = ../../JuceLibraryCode/include_juce_audio_devices.mm; sourceTree = SOURCE_ROOT; };
		84AE14F205CEF2C666A28BF7 /* DiscRecording.framework */ /* DiscRecording.framework */ = {isa = PBXFileReference; lastKnownFileType = wrapper.framework; name = DiscRecording.framework; path = System/Library/Frameworks/DiscRecording.framework; sourceTree = SDKROOT; };
		89007D217991D2D3F56947BD /* juce_audio_devices */ /* juce_audio_devices */ = {isa = PBXFileReference; lastKnownFileType = folder; name = juce_audio_devices; path = "~/JUCE/modules/juce_audio_devices"; sourceTree = "<absolute>"; };
		8C3AE8C68A87BC98D30E978C /* include_juce_audio_formats.mm */ /* include_juce_audio_formats.mm */ = {isa = PBXFileReference; lastKnownFileType = sourcecode.cpp.objcpp; name = include_juce_audio_formats.mm; path = ../../JuceLibraryCode/include_juce_audio_formats.mm; sourceTree = SOURCE_ROOT; };
		8D15FF071D3D9474ABEB5FA3 /* juce_audio_processors */ /* juce_audio_processors */ = {isa = PBXFileReference; lastKnownFileType = folder; name = juce_audio_processors; path = "~/JUCE/modules/juce_audio_processors"; sourceTree = "<absolute>"; };
		8F4EFDB78E9219FE09F546C4 /* include_juce_gui_basics.mm */ /* include_juce_gui_basics.mm */ = {isa = PBXFileReference; lastKnownFileType = sourcecode.cpp.objcpp; name = include_juce_gui_basics.mm; path = ../../JuceLibraryCode/include_juce_gui_basics.mm; sourceTree = SOURCE_ROOT; };
		921524113EF9FE1236262DA9 /* include_juce_data_structures.mm */ /* include_juce_data_structures.mm */ = {isa = PBXFileReference; lastKnownFileType = sourcecode.cpp.objcpp; name = include_juce_data_structures.mm; path = ../../JuceLibraryCode/include_juce_data_structures.mm; sourceTree = SOURCE_ROOT; };
		99007B53E77B1409F1856C0F /* juce_gui_extra */ /* juce_gui_extra */ = {isa = PBXFileReference; lastKnownFileType = folder; name = juce_gui_extra; path = "~/JUCE/modules/juce_gui_extra"; sourceTree = "<absolute>"; };
		A2AA9BDF7B4581EB5E6A3688 /* juce_graphics */ /* juce_graphics */ = {isa = PBXFileReference; lastKnownFileType = folder; name = juce_graphics; path = "~/JUCE/modules/juce_graphics"; sourceTree = "<absolute>"; };
		A4BF121C04AC05FBB090667C /* CoreAudio.framework */ /* CoreAudio.framework */ = {isa = PBXFileReference; lastKnownFileType = wrapper.framework; name = CoreAudio.framework; path = System/Library/Frameworks/CoreAudio.framework; sourceTree = SDKROOT; };
		A7ABD4955B7A9F6FD9B0EED2 /* Info-App.plist */ /* Info-App.plist */ = {isa = PBXFileReference; lastKnownFileType = text.plist.xml; name = "Info-App.plist"; path = "Info-App.plist"; sourceTree = SOURCE_ROOT; };
		ACF184C9B9A1907EE625AAA4 /* juce_events */ /* juce_events */ = {isa = PBXFileReference; lastKnownFileType = folder; name = juce_events; path = "~/JUCE/modules/juce_events"; sourceTree = "<absolute>"; };
		AF260163B02F6B8AD32B656F /* juce_gui_basics */ /* juce_gui_basics */ = {isa = PBXFileReference; lastKnownFileType = folder; name = juce_gui_basics; path = "~/JUCE/modules/juce_gui_basics"; sourceTree = "<absolute>"; };
		B3DDAAF78A28D14236E8BF9B /* QuartzCore.framework */ /* QuartzCore.framework */ = {isa = PBXFileReference; lastKnownFileType = wrapper.framework; name = QuartzCore.framework; path = System/Library/Frameworks/QuartzCore.framework; sourceTree = SDKROOT; };
		B63A3DE842721239EF4C6A35 /* AudioToolbox.framework */ /* AudioToolbox.framework */ = {isa = PBXFileReference; lastKnownFileType = wrapper.framework; name = AudioToolbox.framework; path = System/Library/Frameworks/AudioToolbox.framework; sourceTree = SDKROOT; };
		D487B4196DE4BE40DC748AAA /* Main.cpp */ /* Main.cpp */ = {isa = PBXFileReference; lastKnownFileType = sourcecode.cpp.cpp; name = Main.cpp; path = ../../Source/Main.cpp; sourceTree = SOURCE_ROOT; };
		EFBEB67DAF4CB3FD121F5F04 /* include_juce_graphics_Harfbuzz.cpp */ /* include_juce_graphics_Harfbuzz.cpp */ = {isa = PBXFileReference; lastKnownFileType = sourcecode.cpp.cpp; name = include_juce_graphics_Harfbuzz.cpp; path = ../../JuceLibraryCode/include_juce_graphics_Harfbuzz.cpp; sourceTree = SOURCE_ROOT; };
		F0155A6A5AD5788A3FDCDB89 /* Foundation.framework */ /* Foundation.framework */ = {isa = PBXFileReference; lastKnownFileType = wrapper.framework; name = Foundation.framework; path = System/Library/Frameworks/Foundation.framework; sourceTree = SDKROOT; };
		F4858ECB5075829C9D1AAA70 /* JuceHeader.h */ /* JuceHeader.h */ = {isa = PBXFileReference; lastKnownFileType = sourcecode.c.h; name = JuceHeader.h; path = ../../JuceLibraryCode/JuceHeader.h; sourceTree = SOURCE_ROOT; };
		FA7CD04319B07D16EF54B35B /* include_juce_graphics.mm */ /* include_juce_graphics.mm */ = {isa = PBXFileReference; lastKnownFileType = sourcecode.cpp.objcpp; name = include_juce_graphics.mm; path = ../../JuceLibraryCode/include_juce_graphics.mm; sourceTree = SOURCE_ROOT; };
		FE4C9C224D839450C2070A56 /* WebKit.framework */ /* WebKit.framework */ = {isa = PBXFileReference; lastKnownFileType = wrapper.framework; name = WebKit.framework; path = System/Library/Frameworks/WebKit.framework; sourceTree = SDKROOT; };
/* End PBXFileReference section */

/* Begin PBXFrameworksBuildPhase section */
		440307BF8D24FB350A4410FE = {
			isa = PBXFrameworksBuildPhase;
			buildActionMask = 2147483647;
			files = (
				2AC272964D06A409CFADBE1F,
				EAD51BF43552F4049B2D6B2A,
				4D29CD111CA2C2E0723B6FCE,
				CC9AB6A5F0E59D61EF16A9A9,
				C5C62CADD6C2B4FB792B6A48,
				6C9C13F4BEFDB51B07973200,
				0C97539590D4B666A002920D,
				B53358B44F49FB55C9E14555,
				180AC0E3D0FD7DA550FE4343,
				0DE05EA308EDE0B53DED7A7D,
				2C7D3E766D09C1348ACA9CEA,
				3C294992C1E53577AA2574ED,
				8E84AE261C3C98F43F981411,
				76AB693C1EB28CDC93C00FF2,
			);
			runOnlyForDeploymentPostprocessing = 0;
		};
/* End PBXFrameworksBuildPhase section */

/* Begin PBXGroup section */
		00F22E3D8247E35D7A3F5E95 /* Source */ = {
			isa = PBXGroup;
			children = (
				D487B4196DE4BE40DC748AAA,
				4032602132B846CA91D43213,
				71009BA3ECCE6D9380EBBFED,
			);
			name = Source;
			sourceTree = "<group>";
		};
		0761B15B03957D9714AF9B82 /* Source */ = {
			isa = PBXGroup;
			children = (
				9372EFA9D24BDEAB601520AB,
				6D3C5320FF5528BF25509092,
				BDDB4C0289B599FE3AEF71C4,
				F576CDBE98007571F5B01E58,
				9CED0EA82BE8394BF45E7C1C,
				AA0CFE027A2BC7F8718AE7BB,
			);
			name = Source;
			sourceTree = "<group>";
		};
		6D3C5320FF5528BF25509092 /* JUCE Modules */ = {
			isa = PBXGroup;
			children = (
				0C83726BBB87929369807EA7,
				89007D217991D2D3F56947BD,
				5FB14B12A65C934EBD424CD1,
				8D15FF071D3D9474ABEB5FA3,
				377FA18B79A71E6680C7C1FB,
				2E886F837E8E814A9BE5C4E7,
				4867CE57719FA369E190507C,
				ACF184C9B9A1907EE625AAA4,
				A2AA9BDF7B4581EB5E6A3688,
				AF260163B02F6B8AD32B656F,
				99007B53E77B1409F1856C0F,
			);
			name = "JUCE Modules";
			sourceTree = "<group>";
		};
		9372EFA9D24BDEAB601520AB /* AudioLevelMonitor */ = {
			isa = PBXGroup;
			children = (
				00F22E3D8247E35D7A3F5E95,
			);
			name = AudioLevelMonitor;
			sourceTree = "<group>";
		};
		9CED0EA82BE8394BF45E7C1C /* Frameworks */ = {
			isa = PBXGroup;
			children = (
				3EF2D32C8759265A576A5B38,
				B63A3DE842721239EF4C6A35,
				4C70722FE31D0012F152A6CB,
				A4BF121C04AC05FBB090667C,
				1E15BF71CB46819388293354,
				073406701ED83DC01473D721,
				84AE14F205CEF2C666A28BF7,
				F0155A6A5AD5788A3FDCDB89,
				5C151ED33EA96DEAAD75355E,
				B3DDAAF78A28D14236E8BF9B,
				68CD8F3F2D51D404B61B9B40,
				FE4C9C224D839450C2070A56,
				6D3FE1648250B68C4C767DA8,
				69EBD92056A06938A09C715D,
			);
			name = Frameworks;
			sourceTree = "<group>";
		};
		AA0CFE027A2BC7F8718AE7BB /* Products */ = {
			isa = PBXGroup;
			children = (
				7847D8795E2D055C37F7276F,
			);
			name = Products;
			sourceTree = "<group>";
		};
		BDDB4C0289B599FE3AEF71C4 /* JUCE Library Code */ = {
			isa = PBXGroup;
			children = (
				2DBDC64E9A77B8CFA61F2683,
				83B9541972037A5C9EEA6A06,
				8C3AE8C68A87BC98D30E978C,
				5333007A1A391DA31733681C,
				1DB0D35595C7383F91A788CB,
				445252945E77C44680763A03,
				7BB5D373E5B549E48C902FB9,
				12A03FF9DBB5861214462E3E,
				13EDC992C1A1CF6F97D02E6D,
				921524113EF9FE1236262DA9,
				6094218ADEA7CC29E80F2268,
				FA7CD04319B07D16EF54B35B,
				EFBEB67DAF4CB3FD121F5F04,
				6F9729974E20B949ADB09792,
				8F4EFDB78E9219FE09F546C4,
				3F500905FCC9744E9C713B61,
				F4858ECB5075829C9D1AAA70,
			);
			name = "JUCE Library Code";
			sourceTree = "<group>";
		};
		F576CDBE98007571F5B01E58 /* Resources */ = {
			isa = PBXGroup;
			children = (
				A7ABD4955B7A9F6FD9B0EED2,
				796B31A94C58F72AD5EBAC30,
			);
			name = Resources;
			sourceTree = "<group>";
		};
/* End PBXGroup section */

/* Begin PBXNativeTarget section */
		3E5CA3F5D3B731B6944CFB98 /* AudioLevelMonitor - App */ = {
			isa = PBXNativeTarget;
			buildConfigurationList = 282816AC3930101DE300168F;
			buildPhases = (
				22F5388CC1877C962A79C908,
				F8A34505FD115F34E6FDE91D,
				440307BF8D24FB350A4410FE,
			);
			buildRules = (
			);
			dependencies = (
			);
			name = "AudioLevelMonitor - App";
			productName = AudioLevelMonitor;
			productReference = 7847D8795E2D055C37F7276F;
			productType = "com.apple.product-type.application";
		};
/* End PBXNativeTarget section */

/* Begin PBXProject section */
		25E6850A8F5BB5B277B6F7CD = {
			isa = PBXProject;
			attributes = {
				BuildIndependentTargetsInParallel = YES;
				LastUpgradeCheck = 1340;
				ORGANIZATIONNAME = "";
				TargetAttributes = {
					3E5CA3F5D3B731B6944CFB98 = {
						SystemCapabilities = {
							com.apple.ApplicationGroups.iOS = {
								enabled = 0;
							};
							com.apple.HardenedRuntime = {
								enabled = 0;
							};
							com.apple.InAppPurchase = {
								enabled = 0;
							};
							com.apple.InterAppAudio = {
								enabled = 0;
							};
							com.apple.Push = {
								enabled = 0;
							};
							com.apple.Sandbox = {
								enabled = 0;
							};
						};
					};
				};
			};
			buildConfigurationList = FE53B2E480408C8D25E76F90;
			compatibilityVersion = "Xcode 3.2";
			hasScannedForEncodings = 0;
			knownRegions = (
				en,
				Base,
			);
			mainGroup = 0761B15B03957D9714AF9B82;
			projectDirPath = "";
			projectRoot = "";
			targets = (
				3E5CA3F5D3B731B6944CFB98,
			);
		};
/* End PBXProject section */

/* Begin PBXResourcesBuildPhase section */
		22F5388CC1877C962A79C908 = {
			isa = PBXResourcesBuildPhase;
			buildActionMask = 2147483647;
			files = (
				8BE2495CB4D3D8AB31FBFDB9,
			);
			runOnlyForDeploymentPostprocessing = 0;
		};
/* End PBXResourcesBuildPhase section */

/* Begin PBXSourcesBuildPhase section */
		F8A34505FD115F34E6FDE91D = {
			isa = PBXSourcesBuildPhase;
			buildActionMask = 2147483647;
			files = (
				0CEDB578E5A2487B6083D495,
				9681DEAD30427BDED120BBEF,
				7FC0EBE85AE6B0EDED26AA4B,
				5B4E4A4387D1819612A3F3A5,
				C03CAC6F30C133BA34E5C00E,
				36E065B788915ABA4B3EA43D,
				3E7F97BA764D717AF1D6025C,
				D2A6A8724660464BEA0F219C,
				D29D5673BD18907AFA4BD6CE,
				092A4A43A1992E06502403E8,
				5CF1888FECE70E36ACA6EB83,
				9D1EAB1E8923686670C7FCC3,
				B96799B14519DC71CB1A58F6,
				84A309ADFA8456F37F5BF212,
				0E3D6BC362BA5BA8C5EE7ACE,
				203095CFFB018AE4DE897104,
				09AFFA3F46CFDDA84C302ACC,
				4338F3E7BCBB555AD329B43B,
			);
			runOnlyForDeploymentPostprocessing = 0;
		};
/* End PBXSourcesBuildPhase section */

/* Begin XCBuildConfiguration section */
		0E15246B4F01395F50F8848F /* Debug */ = {
			isa = XCBuildConfiguration;
			buildSettings = {
				ALWAYS_SEARCH_USER_PATHS = NO;
				CLANG_ENABLE_OBJC_WEAK = YES;
				CLANG_WARN_BLOCK_CAPTURE_AUTORELEASING = YES;
				CLANG_WARN_BOOL_CONVERSION = YES;
				CLANG_WARN_COMMA = YES;
				CLANG_WARN_CONSTANT_CONVERSION = YES;
				CLANG_WARN_DEPRECATED_OBJC_IMPLEMENTATIONS = YES;
				CLANG_WARN_EMPTY_BODY = YES;
				CLANG_WARN_ENUM_CONVERSION = YES;
				CLANG_WARN_INFINITE_RECURSION = YES;
				CLANG_WARN_INT_CONVERSION = YES;
				CLANG_WARN_NON_LITERAL_NULL_CONVERSION = YES;
				CLANG_WARN_OBJC_IMPLICIT_RETAIN_SELF = YES;
				CLANG_WARN_OBJC_LITERAL_CONVERSION = YES;
				CLANG_WARN_RANGE_LOOP_ANALYSIS = YES;
				CLANG_WARN_STRICT_PROTOTYPES = YES;
				CLANG_WARN_SUSPICIOUS_MOVE = YES;
				CLANG_WARN_UNREACHABLE_CODE = YES;
				CLANG_WARN__DUPLICATE_METHOD_MATCH = YES;
				DEBUG_INFORMATION_FORMAT = dwarf;
				ENABLE_STRICT_OBJC_MSGSEND = YES;
				ENABLE_TESTABILITY = NO;
				GCC_C_LANGUAGE_STANDARD = c11;
				GCC_INLINES_ARE_PRIVATE_EXTERN = YES;
				GCC_MODEL_TUNING = G5;
				GCC_NO_COMMON_BLOCKS = YES;
				GCC_SYMBOLS_PRIVATE_EXTERN = YES;
				GCC_WARN_64_TO_32_BIT_CONVERSION = YES;
				GCC_WARN_ABOUT_RETURN_TYPE = YES;
				GCC_WARN_CHECK_SWITCH_STATEMENTS = YES;
				GCC_WARN_MISSING_PARENTHESES = YES;
				GCC_WARN_NON_VIRTUAL_DESTRUCTOR = YES;
				GCC_WARN_TYPECHECK_CALLS_TO_PRINTF = YES;
				GCC_WARN_UNDECLARED_SELECTOR = YES;
				GCC_WARN_UNINITIALIZED_AUTOS = YES;
				GCC_WARN_UNUSED_FUNCTION = YES;
				GCC_WARN_UNUSED_VARIABLE = YES;
				ONLY_ACTIVE_ARCH = YES;
				OTHER_CODE_SIGN_FLAGS = --timestamp;
				PRODUCT_NAME = "AudioLevelMonitor";
				SDKROOT = macosx;
				WARNING_CFLAGS = "-Wreorder";
				ZERO_LINK = NO;
			};
			name = Debug;
		};
		4CF61D1C64A859679C57AF97 /* Release */ = {
			isa = XCBuildConfiguration;
			buildSettings = {
				ALWAYS_SEARCH_USER_PATHS = NO;
				CLANG_ENABLE_OBJC_WEAK = YES;
				CLANG_WARN_BLOCK_CAPTURE_AUTORELEASING = YES;
				CLANG_WARN_BOOL_CONVERSION = YES;
				CLANG_WARN_COMMA = YES;
				CLANG_WARN_CONSTANT_CONVERSION = YES;
				CLANG_WARN_DEPRECATED_OBJC_IMPLEMENTATIONS = YES;
				CLANG_WARN_EMPTY_BODY = YES;
				CLANG_WARN_ENUM_CONVERSION = YES;
				CLANG_WARN_INFINITE_RECURSION = YES;
				CLANG_WARN_INT_CONVERSION = YES;
				CLANG_WARN_NON_LITERAL_NULL_CONVERSION = YES;
				CLANG_WARN_OBJC_IMPLICIT_RETAIN_SELF = YES;
				CLANG_WARN_OBJC_LITERAL_CONVERSION = YES;
				CLANG_WARN_RANGE_LOOP_ANALYSIS = YES;
				CLANG_WARN_STRICT_PROTOTYPES = YES;
				CLANG_WARN_SUSPICIOUS_MOVE = YES;
				CLANG_WARN_UNREACHABLE_CODE = YES;
				CLANG_WARN__DUPLICATE_METHOD_MATCH = YES;
				DEBUG_INFORMATION_FORMAT = dwarf;
				ENABLE_STRICT_OBJC_MSGSEND = YES;
				ENABLE_TESTABILITY = NO;
				GCC_C_LANGUAGE_STANDARD = c11;
				GCC_INLINES_ARE_PRIVATE_EXTERN = YES;
				GCC_MODEL_TUNING = G5;
				GCC_NO_COMMON_BLOCKS = YES;
				GCC_SYMBOLS_PRIVATE_EXTERN = YES;
				GCC_WARN_64_TO_32_BIT_CONVERSION = YES;
				GCC_WARN_ABOUT_RETURN_TYPE = YES;
				GCC_WARN_CHECK_SWITCH_STATEMENTS = YES;
				GCC_WARN_MISSING_PARENTHESES = YES;
				GCC_WARN_NON_VIRTUAL_DESTRUCTOR = YES;
				GCC_WARN_TYPECHECK_CALLS_TO_PRINTF = YES;
				GCC_WARN_UNDECLARED_SELECTOR = YES;
				GCC_WARN_UNINITIALIZED_AUTOS = YES;
				GCC_WARN_UNUSED_FUNCTION = YES;
				GCC_WARN_UNUSED_VARIABLE = YES;
				OTHER_CODE_SIGN_FLAGS = --timestamp;
				PRODUCT_NAME = "AudioLevelMonitor";
				SDKROOT = macosx;
				WARNING_CFLAGS = "-Wreorder";
				ZERO_LINK = NO;
			};
			name = Release;
		};
		700C49EB763A8C7FE693A64D /* Release */ = {
			isa = XCBuildConfiguration;
			buildSettings = {
				CLANG_CXX_LANGUAGE_STANDARD = "c++17";
				CLANG_CXX_LIBRARY = "libc++";
				CLANG_LINK_OBJC_RUNTIME = NO;
				COMBINE_HIDPI_IMAGES = YES;
				CONFIGURATION_BUILD_DIR = "$(PROJECT_DIR)/build/$(CONFIGURATION)";
				DEAD_CODE_STRIPPING = YES;
				EXCLUDED_ARCHS = "";
				GCC_GENERATE_DEBUGGING_SYMBOLS = NO;
				GCC_OPTIMIZATION_LEVEL = 3;
				GCC_PREPROCESSOR_DEFINITIONS = (
					"_NDEBUG=1",
					"NDEBUG=1",
					"JUCE_PROJUCER_VERSION=0x80006",
					"JUCE_MODULE_AVAILABLE_juce_audio_basics=1",
					"JUCE_MODULE_AVAILABLE_juce_audio_devices=1",
					"JUCE_MODULE_AVAILABLE_juce_audio_formats=1",
					"JUCE_MODULE_AVAILABLE_juce_audio_processors=1",
					"JUCE_MODULE_AVAILABLE_juce_audio_utils=1",
					"JUCE_MODULE_AVAILABLE_juce_core=1",
					"JUCE_MODULE_AVAILABLE_juce_data_structures=1",
					"JUCE_MODULE_AVAILABLE_juce_events=1",
					"JUCE_MODULE_AVAILABLE_juce_graphics=1",
					"JUCE_MODULE_AVAILABLE_juce_gui_basics=1",
					"JUCE_MODULE_AVAILABLE_juce_gui_extra=1",
					"JUCE_GLOBAL_MODULE_SETTINGS_INCLUDED=1",
					"JUCE_STRICT_REFCOUNTEDPOINTER=1",
					"JUCE_STANDALONE_APPLICATION=1",
					"JUCER_XCODE_MAC_F6D2F4CF=1",
					"JUCE_APP_VERSION=1.0.0",
					"JUCE_APP_VERSION_HEX=0x10000",
					"JucePlugin_Build_VST=0",
					"JucePlugin_Build_VST3=0",
					"JucePlugin_Build_AU=0",
					"JucePlugin_Build_AUv3=0",
					"JucePlugin_Build_AAX=0",
					"JucePlugin_Build_Standalone=0",
					"JucePlugin_Build_Unity=0",
					"JucePlugin_Build_LV2=0",
				);
				GCC_VERSION = com.apple.compilers.llvm.clang.1_0;
				HEADER_SEARCH_PATHS = (
					"$(SRCROOT)/../../JuceLibraryCode",
					"$(HOME)/JUCE/modules",
					"$(inherited)",
				);
				INFOPLIST_FILE = Info-App.plist;
				INFOPLIST_PREPROCESS = NO;
				INSTALL_PATH = "$(HOME)/Applications";
				LLVM_LTO = YES;
				MACOSX_DEPLOYMENT_TARGET = 10.13;
				MTL_HEADER_SEARCH_PATHS = "$(SRCROOT)/../../JuceLibraryCode $(HOME)/JUCE/modules";
				PRODUCT_BUNDLE_IDENTIFIER = com.yourcompany.AudioLevelMonitor;
				PRODUCT_NAME = "AudioLevelMonitor";
				USE_HEADERMAP = NO;
				VALID_ARCHS = "i386 x86_64 arm64 arm64e";
			};
			name = Release;
		};
		D2AA2788997E909E7CD7E619 /* Debug */ = {
			isa = XCBuildConfiguration;
			buildSettings = {
				CLANG_CXX_LANGUAGE_STANDARD = "c++17";
				CLANG_CXX_LIBRARY = "libc++";
				CLANG_LINK_OBJC_RUNTIME = NO;
				COMBINE_HIDPI_IMAGES = YES;
				CONFIGURATION_BUILD_DIR = "$(PROJECT_DIR)/build/$(CONFIGURATION)";
				COPY_PHASE_STRIP = NO;
				EXCLUDED_ARCHS = "";
				GCC_DYNAMIC_NO_PIC = NO;
				GCC_OPTIMIZATION_LEVEL = 0;
				GCC_PREPROCESSOR_DEFINITIONS = (
					"_DEBUG=1",
					"DEBUG=1",
					"JUCE_PROJUCER_VERSION=0x80006",
					"JUCE_MODULE_AVAILABLE_juce_audio_basics=1",
					"JUCE_MODULE_AVAILABLE_juce_audio_devices=1",
					"JUCE_MODULE_AVAILABLE_juce_audio_formats=1",
					"JUCE_MODULE_AVAILABLE_juce_audio_processors=1",
					"JUCE_MODULE_AVAILABLE_juce_audio_utils=1",
					"JUCE_MODULE_AVAILABLE_juce_core=1",
					"JUCE_MODULE_AVAILABLE_juce_data_structures=1",
					"JUCE_MODULE_AVAILABLE_juce_events=1",
					"JUCE_MODULE_AVAILABLE_juce_graphics=1",
					"JUCE_MODULE_AVAILABLE_juce_gui_basics=1",
					"JUCE_MODULE_AVAILABLE_juce_gui_extra=1",
					"JUCE_GLOBAL_MODULE_SETTINGS_INCLUDED=1",
					"JUCE_STRICT_REFCOUNTEDPOINTER=1",
					"JUCE_STANDALONE_APPLICATION=1",
					"JUCER_XCODE_MAC_F6D2F4CF=1",
					"JUCE_APP_VERSION=1.0.0",
					"JUCE_APP_VERSION_HEX=0x10000",
					"JucePlugin_Build_VST=0",
					"JucePlugin_Build_VST3=0",
					"JucePlugin_Build_AU=0",
					"JucePlugin_Build_AUv3=0",
					"JucePlugin_Build_AAX=0",
					"JucePlugin_Build_Standalone=0",
					"JucePlugin_Build_Unity=0",
					"JucePlugin_Build_LV2=0",
				);
				GCC_VERSION = com.apple.compilers.llvm.clang.1_0;
				HEADER_SEARCH_PATHS = (
					"$(SRCROOT)/../../JuceLibraryCode",
					"$(HOME)/JUCE/modules",
					"$(inherited)",
				);
				INFOPLIST_FILE = Info-App.plist;
				INFOPLIST_PREPROCESS = NO;
				INSTALL_PATH = "$(HOME)/Applications";
				MACOSX_DEPLOYMENT_TARGET = 10.13;
				MTL_HEADER_SEARCH_PATHS = "$(SRCROOT)/../../JuceLibraryCode $(HOME)/JUCE/modules";
				PRODUCT_BUNDLE_IDENTIFIER = com.yourcompany.AudioLevelMonitor;
				PRODUCT_NAME = "AudioLevelMonitor";
				USE_HEADERMAP = NO;
				VALID_ARCHS = "i386 x86_64 arm64 arm64e";
			};
			name = Debug;
		};
/* End XCBuildConfiguration section */

/* Begin XCConfigurationList section */
		282816AC3930101DE300168F = {
			isa = XCConfigurationList;
			buildConfigurations = (
				D2AA2788997E909E7CD7E619,
				700C49EB763A8C7FE693A64D,
			);
			defaultConfigurationIsVisible = 0;
			defaultConfigurationName = Debug;
		};
		FE53B2E480408C8D25E76F90 = {
			isa = XCConfigurationList;
			buildConfigurations = (
				0E15246B4F01395F50F8848F,
				4CF61D1C64A859679C57AF97,
			);
			defaultConfigurationIsVisible = 0;
			defaultConfigurationName = Debug;
		};
/* End XCConfigurationList section */
	};
	rootObject = 25E6850A8F5BB5B277B6F7CD /* Project object */;
}
